// !$*UTF8*$!
{
	archiveVersion = 1;
	classes = {
	};
	objectVersion = 50;
	objects = {

/* Begin PBXBuildFile section */
		492C03E021EDB35200000C01 /* Outliers.png in Resources */ = {isa = PBXBuildFile; fileRef = 492C03DD21EDB35000000C01 /* Outliers.png */; };
		492C03E121EDB35200000C01 /* Hobbit.png in Resources */ = {isa = PBXBuildFile; fileRef = 492C03DE21EDB35100000C01 /* Hobbit.png */; };
		492C03E221EDB35200000C01 /* Dragon.png in Resources */ = {isa = PBXBuildFile; fileRef = 492C03DF21EDB35200000C01 /* Dragon.png */; };
		4978E47621E67BBF00ED81FA /* AppDelegate.swift in Sources */ = {isa = PBXBuildFile; fileRef = 4978E47521E67BBF00ED81FA /* AppDelegate.swift */; };
		4978E47821E67BBF00ED81FA /* ViewController.swift in Sources */ = {isa = PBXBuildFile; fileRef = 4978E47721E67BBF00ED81FA /* ViewController.swift */; };
		4978E47B21E67BBF00ED81FA /* Main.storyboard in Resources */ = {isa = PBXBuildFile; fileRef = 4978E47921E67BBF00ED81FA /* Main.storyboard */; };
		4978E47D21E67BC300ED81FA /* Assets.xcassets in Resources */ = {isa = PBXBuildFile; fileRef = 4978E47C21E67BC300ED81FA /* Assets.xcassets */; };
		4978E48021E67BC300ED81FA /* LaunchScreen.storyboard in Resources */ = {isa = PBXBuildFile; fileRef = 4978E47E21E67BC300ED81FA /* LaunchScreen.storyboard */; };
		4978E48821E7F00C00ED81FA /* bookData.json in Resources */ = {isa = PBXBuildFile; fileRef = 4978E48721E7F00B00ED81FA /* bookData.json */; };
		49E119C921E8E83800EC007D /* Book.png in Resources */ = {isa = PBXBuildFile; fileRef = 49E119C821E8E83700EC007D /* Book.png */; };
		CD13A9FA228B375C000D869F /* NetworkManager.swift in Sources */ = {isa = PBXBuildFile; fileRef = CD13A9F9228B375C000D869F /* NetworkManager.swift */; };
		CD13A9FE228B3811000D869F /* Quote.swift in Sources */ = {isa = PBXBuildFile; fileRef = CD13A9FD228B3811000D869F /* Quote.swift */; };
/* End PBXBuildFile section */

/* Begin PBXFileReference section */
		492C03DD21EDB35000000C01 /* Outliers.png */ = {isa = PBXFileReference; lastKnownFileType = image.png; name = Outliers.png; path = Assets.xcassets/Outliers.png; sourceTree = "<group>"; };
		492C03DE21EDB35100000C01 /* Hobbit.png */ = {isa = PBXFileReference; lastKnownFileType = image.png; name = Hobbit.png; path = Assets.xcassets/Hobbit.png; sourceTree = "<group>"; };
		492C03DF21EDB35200000C01 /* Dragon.png */ = {isa = PBXFileReference; lastKnownFileType = image.png; name = Dragon.png; path = Assets.xcassets/Dragon.png; sourceTree = "<group>"; };
		4978E47221E67BBF00ED81FA /* Book Love.app */ = {isa = PBXFileReference; explicitFileType = wrapper.application; includeInIndex = 0; path = "Book Love.app"; sourceTree = BUILT_PRODUCTS_DIR; };
		4978E47521E67BBF00ED81FA /* AppDelegate.swift */ = {isa = PBXFileReference; lastKnownFileType = sourcecode.swift; path = AppDelegate.swift; sourceTree = "<group>"; };
		4978E47721E67BBF00ED81FA /* ViewController.swift */ = {isa = PBXFileReference; lastKnownFileType = sourcecode.swift; path = ViewController.swift; sourceTree = "<group>"; };
		4978E47A21E67BBF00ED81FA /* Base */ = {isa = PBXFileReference; lastKnownFileType = file.storyboard; name = Base; path = Base.lproj/Main.storyboard; sourceTree = "<group>"; };
		4978E47C21E67BC300ED81FA /* Assets.xcassets */ = {isa = PBXFileReference; lastKnownFileType = folder.assetcatalog; path = Assets.xcassets; sourceTree = "<group>"; };
		4978E47F21E67BC300ED81FA /* Base */ = {isa = PBXFileReference; lastKnownFileType = file.storyboard; name = Base; path = Base.lproj/LaunchScreen.storyboard; sourceTree = "<group>"; };
		4978E48121E67BC300ED81FA /* Info.plist */ = {isa = PBXFileReference; lastKnownFileType = text.plist.xml; path = Info.plist; sourceTree = "<group>"; };
		4978E48721E7F00B00ED81FA /* bookData.json */ = {isa = PBXFileReference; lastKnownFileType = text.json; path = bookData.json; sourceTree = "<group>"; };
		49E119C821E8E83700EC007D /* Book.png */ = {isa = PBXFileReference; lastKnownFileType = image.png; name = Book.png; path = Assets.xcassets/Book.png; sourceTree = "<group>"; };
		CD13A9F9228B375C000D869F /* NetworkManager.swift */ = {isa = PBXFileReference; lastKnownFileType = sourcecode.swift; path = NetworkManager.swift; sourceTree = "<group>"; };
		CD13A9FD228B3811000D869F /* Quote.swift */ = {isa = PBXFileReference; lastKnownFileType = sourcecode.swift; path = Quote.swift; sourceTree = "<group>"; };
/* End PBXFileReference section */

/* Begin PBXFrameworksBuildPhase section */
		4978E46F21E67BBF00ED81FA /* Frameworks */ = {
			isa = PBXFrameworksBuildPhase;
			buildActionMask = 2147483647;
			files = (
			);
			runOnlyForDeploymentPostprocessing = 0;
		};
/* End PBXFrameworksBuildPhase section */

/* Begin PBXGroup section */
		4978E46921E67BBF00ED81FA = {
			isa = PBXGroup;
			children = (
				4978E47421E67BBF00ED81FA /* Book Love */,
				4978E47321E67BBF00ED81FA /* Products */,
			);
			sourceTree = "<group>";
		};
		4978E47321E67BBF00ED81FA /* Products */ = {
			isa = PBXGroup;
			children = (
				4978E47221E67BBF00ED81FA /* Book Love.app */,
			);
			name = Products;
			sourceTree = "<group>";
		};
		4978E47421E67BBF00ED81FA /* Book Love */ = {
			isa = PBXGroup;
			children = (
				CD13A9FD228B3811000D869F /* Quote.swift */,
				4978E47521E67BBF00ED81FA /* AppDelegate.swift */,
				4978E47721E67BBF00ED81FA /* ViewController.swift */,
				CD13A9F9228B375C000D869F /* NetworkManager.swift */,
				4978E48721E7F00B00ED81FA /* bookData.json */,
				4978E47921E67BBF00ED81FA /* Main.storyboard */,
				492C03DE21EDB35100000C01 /* Hobbit.png */,
				492C03DF21EDB35200000C01 /* Dragon.png */,
				492C03DD21EDB35000000C01 /* Outliers.png */,
				4978E47C21E67BC300ED81FA /* Assets.xcassets */,
				4978E47E21E67BC300ED81FA /* LaunchScreen.storyboard */,
				4978E48121E67BC300ED81FA /* Info.plist */,
				49E119C821E8E83700EC007D /* Book.png */,
			);
			path = "Book Love";
			sourceTree = "<group>";
		};
/* End PBXGroup section */

/* Begin PBXNativeTarget section */
		4978E47121E67BBF00ED81FA /* Book Love */ = {
			isa = PBXNativeTarget;
			buildConfigurationList = 4978E48421E67BC300ED81FA /* Build configuration list for PBXNativeTarget "Book Love" */;
			buildPhases = (
				4978E46E21E67BBF00ED81FA /* Sources */,
				4978E46F21E67BBF00ED81FA /* Frameworks */,
				4978E47021E67BBF00ED81FA /* Resources */,
			);
			buildRules = (
			);
			dependencies = (
			);
			name = "Book Love";
			productName = "Book Love";
			productReference = 4978E47221E67BBF00ED81FA /* Book Love.app */;
			productType = "com.apple.product-type.application";
		};
/* End PBXNativeTarget section */

/* Begin PBXProject section */
		4978E46A21E67BBF00ED81FA /* Project object */ = {
			isa = PBXProject;
			attributes = {
				LastSwiftUpdateCheck = 1010;
				LastUpgradeCheck = 1010;
				ORGANIZATIONNAME = "Matthew Phraxayavong";
				TargetAttributes = {
					4978E47121E67BBF00ED81FA = {
						CreatedOnToolsVersion = 10.1;
					};
				};
			};
			buildConfigurationList = 4978E46D21E67BBF00ED81FA /* Build configuration list for PBXProject "Book Love" */;
			compatibilityVersion = "Xcode 9.3";
			developmentRegion = en;
			hasScannedForEncodings = 0;
			knownRegions = (
				en,
				Base,
			);
			mainGroup = 4978E46921E67BBF00ED81FA;
			productRefGroup = 4978E47321E67BBF00ED81FA /* Products */;
			projectDirPath = "";
			projectRoot = "";
			targets = (
				4978E47121E67BBF00ED81FA /* Book Love */,
			);
		};
/* End PBXProject section */

/* Begin PBXResourcesBuildPhase section */
		4978E47021E67BBF00ED81FA /* Resources */ = {
			isa = PBXResourcesBuildPhase;
			buildActionMask = 2147483647;
			files = (
				492C03E121EDB35200000C01 /* Hobbit.png in Resources */,
				49E119C921E8E83800EC007D /* Book.png in Resources */,
				4978E48021E67BC300ED81FA /* LaunchScreen.storyboard in Resources */,
				4978E47D21E67BC300ED81FA /* Assets.xcassets in Resources */,
				4978E48821E7F00C00ED81FA /* bookData.json in Resources */,
				492C03E221EDB35200000C01 /* Dragon.png in Resources */,
				492C03E021EDB35200000C01 /* Outliers.png in Resources */,
				4978E47B21E67BBF00ED81FA /* Main.storyboard in Resources */,
			);
			runOnlyForDeploymentPostprocessing = 0;
		};
/* End PBXResourcesBuildPhase section */

/* Begin PBXSourcesBuildPhase section */
		4978E46E21E67BBF00ED81FA /* Sources */ = {
			isa = PBXSourcesBuildPhase;
			buildActionMask = 2147483647;
			files = (
				CD13A9FE228B3811000D869F /* Quote.swift in Sources */,
				CD13A9FA228B375C000D869F /* NetworkManager.swift in Sources */,
				4978E47821E67BBF00ED81FA /* ViewController.swift in Sources */,
				4978E47621E67BBF00ED81FA /* AppDelegate.swift in Sources */,
			);
			runOnlyForDeploymentPostprocessing = 0;
		};
/* End PBXSourcesBuildPhase section */

/* Begin PBXVariantGroup section */
		4978E47921E67BBF00ED81FA /* Main.storyboard */ = {
			isa = PBXVariantGroup;
			children = (
				4978E47A21E67BBF00ED81FA /* Base */,
			);
			name = Main.storyboard;
			sourceTree = "<group>";
		};
		4978E47E21E67BC300ED81FA /* LaunchScreen.storyboard */ = {
			isa = PBXVariantGroup;
			children = (
				4978E47F21E67BC300ED81FA /* Base */,
			);
			name = LaunchScreen.storyboard;
			sourceTree = "<group>";
		};
/* End PBXVariantGroup section */

/* Begin XCBuildConfiguration section */
		4978E48221E67BC300ED81FA /* Debug */ = {
			isa = XCBuildConfiguration;
			buildSettings = {
				ALWAYS_SEARCH_USER_PATHS = NO;
				CLANG_ANALYZER_NONNULL = YES;
				CLANG_ANALYZER_NUMBER_OBJECT_CONVERSION = YES_AGGRESSIVE;
				CLANG_CXX_LANGUAGE_STANDARD = "gnu++14";
				CLANG_CXX_LIBRARY = "libc++";
				CLANG_ENABLE_MODULES = YES;
				CLANG_ENABLE_OBJC_ARC = YES;
				CLANG_ENABLE_OBJC_WEAK = YES;
				CLANG_WARN_BLOCK_CAPTURE_AUTORELEASING = YES;
				CLANG_WARN_BOOL_CONVERSION = YES;
				CLANG_WARN_COMMA = YES;
				CLANG_WARN_CONSTANT_CONVERSION = YES;
				CLANG_WARN_DEPRECATED_OBJC_IMPLEMENTATIONS = YES;
				CLANG_WARN_DIRECT_OBJC_ISA_USAGE = YES_ERROR;
				CLANG_WARN_DOCUMENTATION_COMMENTS = YES;
				CLANG_WARN_EMPTY_BODY = YES;
				CLANG_WARN_ENUM_CONVERSION = YES;
				CLANG_WARN_INFINITE_RECURSION = YES;
				CLANG_WARN_INT_CONVERSION = YES;
				CLANG_WARN_NON_LITERAL_NULL_CONVERSION = YES;
				CLANG_WARN_OBJC_IMPLICIT_RETAIN_SELF = YES;
				CLANG_WARN_OBJC_LITERAL_CONVERSION = YES;
				CLANG_WARN_OBJC_ROOT_CLASS = YES_ERROR;
				CLANG_WARN_RANGE_LOOP_ANALYSIS = YES;
				CLANG_WARN_STRICT_PROTOTYPES = YES;
				CLANG_WARN_SUSPICIOUS_MOVE = YES;
				CLANG_WARN_UNGUARDED_AVAILABILITY = YES_AGGRESSIVE;
				CLANG_WARN_UNREACHABLE_CODE = YES;
				CLANG_WARN__DUPLICATE_METHOD_MATCH = YES;
				CODE_SIGN_IDENTITY = "iPhone Developer";
				COPY_PHASE_STRIP = NO;
				DEBUG_INFORMATION_FORMAT = dwarf;
				ENABLE_STRICT_OBJC_MSGSEND = YES;
				ENABLE_TESTABILITY = YES;
				GCC_C_LANGUAGE_STANDARD = gnu11;
				GCC_DYNAMIC_NO_PIC = NO;
				GCC_NO_COMMON_BLOCKS = YES;
				GCC_OPTIMIZATION_LEVEL = 0;
				GCC_PREPROCESSOR_DEFINITIONS = (
					"DEBUG=1",
					"$(inherited)",
				);
				GCC_WARN_64_TO_32_BIT_CONVERSION = YES;
				GCC_WARN_ABOUT_RETURN_TYPE = YES_ERROR;
				GCC_WARN_UNDECLARED_SELECTOR = YES;
				GCC_WARN_UNINITIALIZED_AUTOS = YES_AGGRESSIVE;
				GCC_WARN_UNUSED_FUNCTION = YES;
				GCC_WARN_UNUSED_VARIABLE = YES;
				IPHONEOS_DEPLOYMENT_TARGET = 12.1;
				MTL_ENABLE_DEBUG_INFO = INCLUDE_SOURCE;
				MTL_FAST_MATH = YES;
				ONLY_ACTIVE_ARCH = YES;
				SDKROOT = iphoneos;
				SWIFT_ACTIVE_COMPILATION_CONDITIONS = DEBUG;
				SWIFT_OPTIMIZATION_LEVEL = "-Onone";
			};
			name = Debug;
		};
		4978E48321E67BC300ED81FA /* Release */ = {
			isa = XCBuildConfiguration;
			buildSettings = {
				ALWAYS_SEARCH_USER_PATHS = NO;
				CLANG_ANALYZER_NONNULL = YES;
				CLANG_ANALYZER_NUMBER_OBJECT_CONVERSION = YES_AGGRESSIVE;
				CLANG_CXX_LANGUAGE_STANDARD = "gnu++14";
				CLANG_CXX_LIBRARY = "libc++";
				CLANG_ENABLE_MODULES = YES;
				CLANG_ENABLE_OBJC_ARC = YES;
				CLANG_ENABLE_OBJC_WEAK = YES;
				CLANG_WARN_BLOCK_CAPTURE_AUTORELEASING = YES;
				CLANG_WARN_BOOL_CONVERSION = YES;
				CLANG_WARN_COMMA = YES;
				CLANG_WARN_CONSTANT_CONVERSION = YES;
				CLANG_WARN_DEPRECATED_OBJC_IMPLEMENTATIONS = YES;
				CLANG_WARN_DIRECT_OBJC_ISA_USAGE = YES_ERROR;
				CLANG_WARN_DOCUMENTATION_COMMENTS = YES;
				CLANG_WARN_EMPTY_BODY = YES;
				CLANG_WARN_ENUM_CONVERSION = YES;
				CLANG_WARN_INFINITE_RECURSION = YES;
				CLANG_WARN_INT_CONVERSION = YES;
				CLANG_WARN_NON_LITERAL_NULL_CONVERSION = YES;
				CLANG_WARN_OBJC_IMPLICIT_RETAIN_SELF = YES;
				CLANG_WARN_OBJC_LITERAL_CONVERSION = YES;
				CLANG_WARN_OBJC_ROOT_CLASS = YES_ERROR;
				CLANG_WARN_RANGE_LOOP_ANALYSIS = YES;
				CLANG_WARN_STRICT_PROTOTYPES = YES;
				CLANG_WARN_SUSPICIOUS_MOVE = YES;
				CLANG_WARN_UNGUARDED_AVAILABILITY = YES_AGGRESSIVE;
				CLANG_WARN_UNREACHABLE_CODE = YES;
				CLANG_WARN__DUPLICATE_METHOD_MATCH = YES;
				CODE_SIGN_IDENTITY = "iPhone Developer";
				COPY_PHASE_STRIP = NO;
				DEBUG_INFORMATION_FORMAT = "dwarf-with-dsym";
				ENABLE_NS_ASSERTIONS = NO;
				ENABLE_STRICT_OBJC_MSGSEND = YES;
				GCC_C_LANGUAGE_STANDARD = gnu11;
				GCC_NO_COMMON_BLOCKS = YES;
				GCC_WARN_64_TO_32_BIT_CONVERSION = YES;
				GCC_WARN_ABOUT_RETURN_TYPE = YES_ERROR;
				GCC_WARN_UNDECLARED_SELECTOR = YES;
				GCC_WARN_UNINITIALIZED_AUTOS = YES_AGGRESSIVE;
				GCC_WARN_UNUSED_FUNCTION = YES;
				GCC_WARN_UNUSED_VARIABLE = YES;
				IPHONEOS_DEPLOYMENT_TARGET = 12.1;
				MTL_ENABLE_DEBUG_INFO = NO;
				MTL_FAST_MATH = YES;
				SDKROOT = iphoneos;
				SWIFT_COMPILATION_MODE = wholemodule;
				SWIFT_OPTIMIZATION_LEVEL = "-O";
				VALIDATE_PRODUCT = YES;
			};
			name = Release;
		};
		4978E48521E67BC300ED81FA /* Debug */ = {
			isa = XCBuildConfiguration;
			buildSettings = {
				ASSETCATALOG_COMPILER_APPICON_NAME = AppIcon;
				CODE_SIGN_STYLE = Automatic;
				INFOPLIST_FILE = "Book Love/Info.plist";
				LD_RUNPATH_SEARCH_PATHS = (
					"$(inherited)",
					"@executable_path/Frameworks",
				);
				PRODUCT_BUNDLE_IDENTIFIER = "com.MatthewPhraxayavong.Book-Love";
				PRODUCT_NAME = "$(TARGET_NAME)";
				SWIFT_VERSION = 4.2;
				TARGETED_DEVICE_FAMILY = "1,2";
			};
			name = Debug;
		};
		4978E48621E67BC300ED81FA /* Release */ = {
			isa = XCBuildConfiguration;
			buildSettings = {
				ASSETCATALOG_COMPILER_APPICON_NAME = AppIcon;
				CODE_SIGN_STYLE = Automatic;
				INFOPLIST_FILE = "Book Love/Info.plist";
				LD_RUNPATH_SEARCH_PATHS = (
					"$(inherited)",
					"@executable_path/Frameworks",
				);
				PRODUCT_BUNDLE_IDENTIFIER = "com.MatthewPhraxayavong.Book-Love";
				PRODUCT_NAME = "$(TARGET_NAME)";
				SWIFT_VERSION = 4.2;
				TARGETED_DEVICE_FAMILY = "1,2";
			};
			name = Release;
		};
/* End XCBuildConfiguration section */

/* Begin XCConfigurationList section */
		4978E46D21E67BBF00ED81FA /* Build configuration list for PBXProject "Book Love" */ = {
			isa = XCConfigurationList;
			buildConfigurations = (
				4978E48221E67BC300ED81FA /* Debug */,
				4978E48321E67BC300ED81FA /* Release */,
			);
			defaultConfigurationIsVisible = 0;
			defaultConfigurationName = Release;
		};
		4978E48421E67BC300ED81FA /* Build configuration list for PBXNativeTarget "Book Love" */ = {
			isa = XCConfigurationList;
			buildConfigurations = (
				4978E48521E67BC300ED81FA /* Debug */,
				4978E48621E67BC300ED81FA /* Release */,
			);
			defaultConfigurationIsVisible = 0;
			defaultConfigurationName = Release;
		};
/* End XCConfigurationList section */
	};
	rootObject = 4978E46A21E67BBF00ED81FA /* Project object */;
}
